# THIS IS AN AUTOGENERATED FILE. DO NOT EDIT THIS FILE DIRECTLY.
# yarn lockfile v1


"@midwayjs/cache@^2.12.1":
  version "2.12.1"
  resolved "https://registry.yarnpkg.com/@midwayjs/cache/-/cache-2.12.1.tgz#e8449c15feb10eecf15970a54d028962da149ef6"
  integrity sha512-yxZ0TQwDd7D/aKYA1LGLWana0ugkR8mqZi8TZqOZc6lse/Mr2IEekehIWCMjteLqux4L27VSiCRYZBsYTVBDiA==
  dependencies:
    "@types/cache-manager" "^3.4.0"
    cache-manager "^3.4.1"

"@types/cache-manager@^3.4.0", "@types/cache-manager@^3.4.2":
  version "3.4.2"
  resolved "https://registry.yarnpkg.com/@types/cache-manager/-/cache-manager-3.4.2.tgz#d57e7e5e6374d1037bdce753a05c9703e4483401"
  integrity sha512-1IwA74t5ID4KWo0Kndal16MhiPSZgMe1fGc+MLT6j5r+Ab7jku36PFTl4PP6MiWw0BJscM9QpZEo00qixNQoRg==

async@3.2.0:
  version "3.2.0"
  resolved "https://registry.yarnpkg.com/async/-/async-3.2.0.tgz#b3a2685c5ebb641d3de02d161002c60fc9f85720"
  integrity sha512-TR2mEZFVOj2pLStYxLht7TyfuRzaydfpxr3k9RpHIzMgw7A64dzsdqCxH1WJyQdoe8T10nDXd9wnEigmiuHIZw==

cache-manager@^3.4.1, cache-manager@^3.4.4:
  version "3.4.4"
  resolved "https://registry.yarnpkg.com/cache-manager/-/cache-manager-3.4.4.tgz#c69814763d3f3031395ae0d3a9a9296a91602226"
  integrity sha512-oayy7ukJqNlRUYNUfQBwGOLilL0X5q7GpuaF19Yqwo6qdx49OoTZKRIF5qbbr+Ru8mlTvOpvnMvVq6vw72pOPg==
  dependencies:
    async "3.2.0"
    lodash "^4.17.21"
    lru-cache "6.0.0"

lodash@^4.17.21:
  version "4.17.21"
  resolved "https://registry.yarnpkg.com/lodash/-/lodash-4.17.21.tgz#679591c564c3bffaae8454cf0b3df370c3d6911c"
  integrity sha512-v2kDEe57lecTulaDIuNTPy3Ry4gLGJ6Z1O3vE1krgXZNrsQ+LFTGHVxVjcXPs17LhbZVGedAJv8XZ1tvj5FvSg==

lru-cache@6.0.0:
  version "6.0.0"
  resolved "https://registry.yarnpkg.com/lru-cache/-/lru-cache-6.0.0.tgz#6d6fe6570ebd96aaf90fcad1dafa3b2566db3a94"
  integrity sha512-Jo6dJ04CmSjuznwJSS3pUeWmd/H0ffTlkXXgwZi+eq1UCmqQwCh+eLsYOYCwY991i2Fah4h1BEMCx4qThGbsiA==
  dependencies:
    yallist "^4.0.0"

yallist@^4.0.0:
  version "4.0.0"
  resolved "https://registry.yarnpkg.com/yallist/-/yallist-4.0.0.tgz#9bb92790d9c0effec63be73519e11a35019a3a72"
  integrity sha512-3wdGidZyq5PB084XLES5TpOSRA3wjXAlIWMhum2kRcv/41Sn2emQ0dycQW4uZXLejwKvg6EsvbdlVL+FYEct7A==
