# THIS IS AN AUTOGENERATED FILE. DO NOT EDIT THIS FILE DIRECTLY.
# yarn lockfile v1


"@midwayjs/swagger@^1.0.7":
  version "1.0.7"
  resolved "https://registry.yarnpkg.com/@midwayjs/swagger/-/swagger-1.0.7.tgz#dd32186f370262894ed2adda8436ba9fa392d270"
  integrity sha512-ZCJdlTDY7BR8ChdjSvxqsi3L4f+HZ0FWLwZvh2xqocr7jJqYfW4IJH6O7cmBOjqk/ubdyOifLUvsdNVjicRhZA==
